
Microsoft Visual Studio Solution File, Format Version 12.00
# Visual Studio 2015
Project("{FAE04EC0-301F-11D3-BF4B-00C04F79EFBC}") = "UnityVS.MicroTactics.CSharp", "UnityVS.MicroTactics.CSharp.csproj", "{A7A55391-1C2D-C12A-F2C3-D7EDE3D3AACC}"
EndProject
Global
	GlobalSection(SolutionConfigurationPlatforms) = preSolution
		Debug|Any CPU = Debug|Any CPU
		Release|Any CPU = Release|Any CPU
	EndGlobalSection
	GlobalSection(ProjectConfigurationPlatforms) = postSolution
		{A7A55391-1C2D-C12A-F2C3-D7EDE3D3AACC}.Debug|Any CPU.ActiveCfg = Debug|Any CPU
		{A7A55391-1C2D-C12A-F2C3-D7EDE3D3AACC}.Debug|Any CPU.Build.0 = Debug|Any CPU
		{A7A55391-1C2D-C12A-F2C3-D7EDE3D3AACC}.Release|Any CPU.ActiveCfg = Release|Any CPU
		{A7A55391-1C2D-C12A-F2C3-D7EDE3D3AACC}.Release|Any CPU.Build.0 = Release|Any CPU
	EndGlobalSection
	GlobalSection(SolutionProperties) = preSolution
		HideSolutionNode = FALSE
	EndGlobalSection
EndGlobal
